// !$*UTF8*$!
{
	archiveVersion = 1;
	classes = {
	};
	objectVersion = 55;
	objects = {

/* Begin PBXBuildFile section */
		FFA668CA28AA69EF00290097 /* MeasureBehavior.swift in Sources */ = {isa = PBXBuildFile; fileRef = FFA668C928AA69EF00290097 /* MeasureBehavior.swift */; };
		FFA668CC28AA785200290097 /* Triangle.swift in Sources */ = {isa = PBXBuildFile; fileRef = FFA668CB28AA785200290097 /* Triangle.swift */; };
		FFA668CF28AA891A00290097 /* TapMeButton.swift in Sources */ = {isa = PBXBuildFile; fileRef = FFA668CE28AA891A00290097 /* TapMeButton.swift */; };
		FFA668D228AA8E5C00290097 /* PointerSizeKey.swift in Sources */ = {isa = PBXBuildFile; fileRef = FFA668D128AA8E5C00290097 /* PointerSizeKey.swift */; };
		FFA668D528AA900600290097 /* MyNavigationTitleKey.swift in Sources */ = {isa = PBXBuildFile; fileRef = FFA668D428AA900600290097 /* MyNavigationTitleKey.swift */; };
		FFA668D728AA90C300290097 /* MyNavigationView.swift in Sources */ = {isa = PBXBuildFile; fileRef = FFA668D628AA90C300290097 /* MyNavigationView.swift */; };
		FFF6C74F28A4F12B0022C3FD /* ThinkingInSwiftUIApp.swift in Sources */ = {isa = PBXBuildFile; fileRef = FFF6C74E28A4F12B0022C3FD /* ThinkingInSwiftUIApp.swift */; };
		FFF6C75128A4F12B0022C3FD /* Knob.swift in Sources */ = {isa = PBXBuildFile; fileRef = FFF6C75028A4F12B0022C3FD /* Knob.swift */; };
		FFF6C75328A4F12F0022C3FD /* Assets.xcassets in Resources */ = {isa = PBXBuildFile; fileRef = FFF6C75228A4F12F0022C3FD /* Assets.xcassets */; };
		FFF6C75628A4F12F0022C3FD /* Preview Assets.xcassets in Resources */ = {isa = PBXBuildFile; fileRef = FFF6C75528A4F12F0022C3FD /* Preview Assets.xcassets */; };
		FFF6C75D28A537980022C3FD /* KnobShape.swift in Sources */ = {isa = PBXBuildFile; fileRef = FFF6C75C28A537980022C3FD /* KnobShape.swift */; };
		FFF6C75F28A538A10022C3FD /* KnobContentView.swift in Sources */ = {isa = PBXBuildFile; fileRef = FFF6C75E28A538A10022C3FD /* KnobContentView.swift */; };
		FFF6C76C28A652060022C3FD /* Photo.swift in Sources */ = {isa = PBXBuildFile; fileRef = FFF6C76B28A652060022C3FD /* Photo.swift */; };
		FFF6C76E28A653CE0022C3FD /* Remote.swift in Sources */ = {isa = PBXBuildFile; fileRef = FFF6C76D28A653CE0022C3FD /* Remote.swift */; };
		FFF6C77028A65CCC0022C3FD /* LoadingError.swift in Sources */ = {isa = PBXBuildFile; fileRef = FFF6C76F28A65CCC0022C3FD /* LoadingError.swift */; };
		FFF6C77228A660850022C3FD /* ListView.swift in Sources */ = {isa = PBXBuildFile; fileRef = FFF6C77128A660850022C3FD /* ListView.swift */; };
		FFF6C77428A665070022C3FD /* PhotoView.swift in Sources */ = {isa = PBXBuildFile; fileRef = FFF6C77328A665070022C3FD /* PhotoView.swift */; };
		FFF6C77B28A69EC40022C3FD /* ColorKey.swift in Sources */ = {isa = PBXBuildFile; fileRef = FFF6C77A28A69EC40022C3FD /* ColorKey.swift */; };
/* End PBXBuildFile section */

/* Begin PBXFileReference section */
		FFA668C928AA69EF00290097 /* MeasureBehavior.swift */ = {isa = PBXFileReference; lastKnownFileType = sourcecode.swift; path = MeasureBehavior.swift; sourceTree = "<group>"; };
		FFA668CB28AA785200290097 /* Triangle.swift */ = {isa = PBXFileReference; lastKnownFileType = sourcecode.swift; path = Triangle.swift; sourceTree = "<group>"; };
		FFA668CE28AA891A00290097 /* TapMeButton.swift */ = {isa = PBXFileReference; lastKnownFileType = sourcecode.swift; path = TapMeButton.swift; sourceTree = "<group>"; };
		FFA668D128AA8E5C00290097 /* PointerSizeKey.swift */ = {isa = PBXFileReference; lastKnownFileType = sourcecode.swift; path = PointerSizeKey.swift; sourceTree = "<group>"; };
		FFA668D428AA900600290097 /* MyNavigationTitleKey.swift */ = {isa = PBXFileReference; lastKnownFileType = sourcecode.swift; path = MyNavigationTitleKey.swift; sourceTree = "<group>"; };
		FFA668D628AA90C300290097 /* MyNavigationView.swift */ = {isa = PBXFileReference; lastKnownFileType = sourcecode.swift; path = MyNavigationView.swift; sourceTree = "<group>"; };
		FFF6C74B28A4F12B0022C3FD /* ThinkingInSwiftUI.app */ = {isa = PBXFileReference; explicitFileType = wrapper.application; includeInIndex = 0; path = ThinkingInSwiftUI.app; sourceTree = BUILT_PRODUCTS_DIR; };
		FFF6C74E28A4F12B0022C3FD /* ThinkingInSwiftUIApp.swift */ = {isa = PBXFileReference; lastKnownFileType = sourcecode.swift; path = ThinkingInSwiftUIApp.swift; sourceTree = "<group>"; };
		FFF6C75028A4F12B0022C3FD /* Knob.swift */ = {isa = PBXFileReference; lastKnownFileType = sourcecode.swift; path = Knob.swift; sourceTree = "<group>"; };
		FFF6C75228A4F12F0022C3FD /* Assets.xcassets */ = {isa = PBXFileReference; lastKnownFileType = folder.assetcatalog; path = Assets.xcassets; sourceTree = "<group>"; };
		FFF6C75528A4F12F0022C3FD /* Preview Assets.xcassets */ = {isa = PBXFileReference; lastKnownFileType = folder.assetcatalog; path = "Preview Assets.xcassets"; sourceTree = "<group>"; };
		FFF6C75C28A537980022C3FD /* KnobShape.swift */ = {isa = PBXFileReference; lastKnownFileType = sourcecode.swift; path = KnobShape.swift; sourceTree = "<group>"; };
		FFF6C75E28A538A10022C3FD /* KnobContentView.swift */ = {isa = PBXFileReference; lastKnownFileType = sourcecode.swift; path = KnobContentView.swift; sourceTree = "<group>"; };
		FFF6C76B28A652060022C3FD /* Photo.swift */ = {isa = PBXFileReference; lastKnownFileType = sourcecode.swift; path = Photo.swift; sourceTree = "<group>"; };
		FFF6C76D28A653CE0022C3FD /* Remote.swift */ = {isa = PBXFileReference; lastKnownFileType = sourcecode.swift; path = Remote.swift; sourceTree = "<group>"; };
		FFF6C76F28A65CCC0022C3FD /* LoadingError.swift */ = {isa = PBXFileReference; lastKnownFileType = sourcecode.swift; path = LoadingError.swift; sourceTree = "<group>"; };
		FFF6C77128A660850022C3FD /* ListView.swift */ = {isa = PBXFileReference; lastKnownFileType = sourcecode.swift; path = ListView.swift; sourceTree = "<group>"; };
		FFF6C77328A665070022C3FD /* PhotoView.swift */ = {isa = PBXFileReference; lastKnownFileType = sourcecode.swift; path = PhotoView.swift; sourceTree = "<group>"; };
		FFF6C77A28A69EC40022C3FD /* ColorKey.swift */ = {isa = PBXFileReference; lastKnownFileType = sourcecode.swift; path = ColorKey.swift; sourceTree = "<group>"; };
/* End PBXFileReference section */

/* Begin PBXFrameworksBuildPhase section */
		FFF6C74828A4F12B0022C3FD /* Frameworks */ = {
			isa = PBXFrameworksBuildPhase;
			buildActionMask = 2147483647;
			files = (
			);
			runOnlyForDeploymentPostprocessing = 0;
		};
/* End PBXFrameworksBuildPhase section */

/* Begin PBXGroup section */
		FFA668C828AA69D200290097 /* C4 - Layout */ = {
			isa = PBXGroup;
			children = (
				FFA668C928AA69EF00290097 /* MeasureBehavior.swift */,
				FFA668CB28AA785200290097 /* Triangle.swift */,
			);
			path = "C4 - Layout";
			sourceTree = "<group>";
		};
		FFA668CD28AA88E100290097 /* C1 - Overview */ = {
			isa = PBXGroup;
			children = (
				FFA668CE28AA891A00290097 /* TapMeButton.swift */,
			);
			path = "C1 - Overview";
			sourceTree = "<group>";
		};
		FFA668D028AA8AE700290097 /* C2 - View Updates */ = {
			isa = PBXGroup;
			children = (
				FFF6C76A28A651E40022C3FD /* C2 Exercise */,
			);
			path = "C2 - View Updates";
			sourceTree = "<group>";
		};
		FFA668D328AA8FD200290097 /* Preferences */ = {
			isa = PBXGroup;
			children = (
				FFA668D428AA900600290097 /* MyNavigationTitleKey.swift */,
				FFA668D628AA90C300290097 /* MyNavigationView.swift */,
			);
			path = Preferences;
			sourceTree = "<group>";
		};
		FFF6C74228A4F12B0022C3FD = {
			isa = PBXGroup;
			children = (
				FFF6C74D28A4F12B0022C3FD /* ThinkingInSwiftUI */,
				FFF6C74C28A4F12B0022C3FD /* Products */,
			);
			sourceTree = "<group>";
		};
		FFF6C74C28A4F12B0022C3FD /* Products */ = {
			isa = PBXGroup;
			children = (
				FFF6C74B28A4F12B0022C3FD /* ThinkingInSwiftUI.app */,
			);
			name = Products;
			sourceTree = "<group>";
		};
		FFF6C74D28A4F12B0022C3FD /* ThinkingInSwiftUI */ = {
			isa = PBXGroup;
			children = (
				FFA668CD28AA88E100290097 /* C1 - Overview */,
				FFA668D028AA8AE700290097 /* C2 - View Updates */,
				FFF6C77728A6843D0022C3FD /* C3 - Environment */,
				FFA668C828AA69D200290097 /* C4 - Layout */,
				FFF6C75228A4F12F0022C3FD /* Assets.xcassets */,
				FFF6C75428A4F12F0022C3FD /* Preview Content */,
				FFF6C74E28A4F12B0022C3FD /* ThinkingInSwiftUIApp.swift */,
			);
			path = ThinkingInSwiftUI;
			sourceTree = "<group>";
		};
		FFF6C75428A4F12F0022C3FD /* Preview Content */ = {
			isa = PBXGroup;
			children = (
				FFF6C75528A4F12F0022C3FD /* Preview Assets.xcassets */,
			);
			path = "Preview Content";
			sourceTree = "<group>";
		};
		FFF6C76228A543F30022C3FD /* Knob */ = {
			isa = PBXGroup;
			children = (
				FFF6C75C28A537980022C3FD /* KnobShape.swift */,
				FFF6C75E28A538A10022C3FD /* KnobContentView.swift */,
				FFF6C75028A4F12B0022C3FD /* Knob.swift */,
				FFF6C77A28A69EC40022C3FD /* ColorKey.swift */,
				FFA668D128AA8E5C00290097 /* PointerSizeKey.swift */,
			);
			path = Knob;
			sourceTree = "<group>";
		};
		FFF6C76A28A651E40022C3FD /* C2 Exercise */ = {
			isa = PBXGroup;
			children = (
				FFF6C76B28A652060022C3FD /* Photo.swift */,
				FFF6C76D28A653CE0022C3FD /* Remote.swift */,
				FFF6C76F28A65CCC0022C3FD /* LoadingError.swift */,
				FFF6C77128A660850022C3FD /* ListView.swift */,
				FFF6C77328A665070022C3FD /* PhotoView.swift */,
			);
			path = "C2 Exercise";
			sourceTree = "<group>";
		};
		FFF6C77728A6843D0022C3FD /* C3 - Environment */ = {
			isa = PBXGroup;
			children = (
				FFA668D328AA8FD200290097 /* Preferences */,
				FFF6C76228A543F30022C3FD /* Knob */,
			);
			path = "C3 - Environment";
			sourceTree = "<group>";
		};
/* End PBXGroup section */

/* Begin PBXNativeTarget section */
		FFF6C74A28A4F12B0022C3FD /* ThinkingInSwiftUI */ = {
			isa = PBXNativeTarget;
			buildConfigurationList = FFF6C75928A4F12F0022C3FD /* Build configuration list for PBXNativeTarget "ThinkingInSwiftUI" */;
			buildPhases = (
				FFF6C74728A4F12B0022C3FD /* Sources */,
				FFF6C74828A4F12B0022C3FD /* Frameworks */,
				FFF6C74928A4F12B0022C3FD /* Resources */,
			);
			buildRules = (
			);
			dependencies = (
			);
			name = ThinkingInSwiftUI;
			productName = ThinkingInSwiftUI;
			productReference = FFF6C74B28A4F12B0022C3FD /* ThinkingInSwiftUI.app */;
			productType = "com.apple.product-type.application";
		};
/* End PBXNativeTarget section */

/* Begin PBXProject section */
		FFF6C74328A4F12B0022C3FD /* Project object */ = {
			isa = PBXProject;
			attributes = {
				BuildIndependentTargetsInParallel = 1;
				LastSwiftUpdateCheck = 1340;
				LastUpgradeCheck = 1340;
				TargetAttributes = {
					FFF6C74A28A4F12B0022C3FD = {
						CreatedOnToolsVersion = 13.4.1;
					};
				};
			};
			buildConfigurationList = FFF6C74628A4F12B0022C3FD /* Build configuration list for PBXProject "ThinkingInSwiftUI" */;
			compatibilityVersion = "Xcode 13.0";
			developmentRegion = en;
			hasScannedForEncodings = 0;
			knownRegions = (
				en,
				Base,
			);
			mainGroup = FFF6C74228A4F12B0022C3FD;
			productRefGroup = FFF6C74C28A4F12B0022C3FD /* Products */;
			projectDirPath = "";
			projectRoot = "";
			targets = (
				FFF6C74A28A4F12B0022C3FD /* ThinkingInSwiftUI */,
			);
		};
/* End PBXProject section */

/* Begin PBXResourcesBuildPhase section */
		FFF6C74928A4F12B0022C3FD /* Resources */ = {
			isa = PBXResourcesBuildPhase;
			buildActionMask = 2147483647;
			files = (
				FFF6C75628A4F12F0022C3FD /* Preview Assets.xcassets in Resources */,
				FFF6C75328A4F12F0022C3FD /* Assets.xcassets in Resources */,
			);
			runOnlyForDeploymentPostprocessing = 0;
		};
/* End PBXResourcesBuildPhase section */

/* Begin PBXSourcesBuildPhase section */
		FFF6C74728A4F12B0022C3FD /* Sources */ = {
			isa = PBXSourcesBuildPhase;
			buildActionMask = 2147483647;
			files = (
				FFF6C77228A660850022C3FD /* ListView.swift in Sources */,
				FFA668CC28AA785200290097 /* Triangle.swift in Sources */,
				FFA668D728AA90C300290097 /* MyNavigationView.swift in Sources */,
				FFF6C75128A4F12B0022C3FD /* Knob.swift in Sources */,
				FFF6C75D28A537980022C3FD /* KnobShape.swift in Sources */,
				FFF6C77428A665070022C3FD /* PhotoView.swift in Sources */,
				FFF6C77028A65CCC0022C3FD /* LoadingError.swift in Sources */,
				FFA668D228AA8E5C00290097 /* PointerSizeKey.swift in Sources */,
				FFA668CA28AA69EF00290097 /* MeasureBehavior.swift in Sources */,
				FFF6C75F28A538A10022C3FD /* KnobContentView.swift in Sources */,
				FFA668CF28AA891A00290097 /* TapMeButton.swift in Sources */,
				FFF6C74F28A4F12B0022C3FD /* ThinkingInSwiftUIApp.swift in Sources */,
				FFF6C76C28A652060022C3FD /* Photo.swift in Sources */,
				FFA668D528AA900600290097 /* MyNavigationTitleKey.swift in Sources */,
				FFF6C76E28A653CE0022C3FD /* Remote.swift in Sources */,
				FFF6C77B28A69EC40022C3FD /* ColorKey.swift in Sources */,
			);
			runOnlyForDeploymentPostprocessing = 0;
		};
/* End PBXSourcesBuildPhase section */

/* Begin XCBuildConfiguration section */
		FFF6C75728A4F12F0022C3FD /* Debug */ = {
			isa = XCBuildConfiguration;
			buildSettings = {
				ALWAYS_SEARCH_USER_PATHS = NO;
				CLANG_ANALYZER_NONNULL = YES;
				CLANG_ANALYZER_NUMBER_OBJECT_CONVERSION = YES_AGGRESSIVE;
				CLANG_CXX_LANGUAGE_STANDARD = "gnu++17";
				CLANG_ENABLE_MODULES = YES;
				CLANG_ENABLE_OBJC_ARC = YES;
				CLANG_ENABLE_OBJC_WEAK = YES;
				CLANG_WARN_BLOCK_CAPTURE_AUTORELEASING = YES;
				CLANG_WARN_BOOL_CONVERSION = YES;
				CLANG_WARN_COMMA = YES;
				CLANG_WARN_CONSTANT_CONVERSION = YES;
				CLANG_WARN_DEPRECATED_OBJC_IMPLEMENTATIONS = YES;
				CLANG_WARN_DIRECT_OBJC_ISA_USAGE = YES_ERROR;
				CLANG_WARN_DOCUMENTATION_COMMENTS = YES;
				CLANG_WARN_EMPTY_BODY = YES;
				CLANG_WARN_ENUM_CONVERSION = YES;
				CLANG_WARN_INFINITE_RECURSION = YES;
				CLANG_WARN_INT_CONVERSION = YES;
				CLANG_WARN_NON_LITERAL_NULL_CONVERSION = YES;
				CLANG_WARN_OBJC_IMPLICIT_RETAIN_SELF = YES;
				CLANG_WARN_OBJC_LITERAL_CONVERSION = YES;
				CLANG_WARN_OBJC_ROOT_CLASS = YES_ERROR;
				CLANG_WARN_QUOTED_INCLUDE_IN_FRAMEWORK_HEADER = YES;
				CLANG_WARN_RANGE_LOOP_ANALYSIS = YES;
				CLANG_WARN_STRICT_PROTOTYPES = YES;
				CLANG_WARN_SUSPICIOUS_MOVE = YES;
				CLANG_WARN_UNGUARDED_AVAILABILITY = YES_AGGRESSIVE;
				CLANG_WARN_UNREACHABLE_CODE = YES;
				CLANG_WARN__DUPLICATE_METHOD_MATCH = YES;
				COPY_PHASE_STRIP = NO;
				DEBUG_INFORMATION_FORMAT = dwarf;
				ENABLE_STRICT_OBJC_MSGSEND = YES;
				ENABLE_TESTABILITY = YES;
				GCC_C_LANGUAGE_STANDARD = gnu11;
				GCC_DYNAMIC_NO_PIC = NO;
				GCC_NO_COMMON_BLOCKS = YES;
				GCC_OPTIMIZATION_LEVEL = 0;
				GCC_PREPROCESSOR_DEFINITIONS = (
					"DEBUG=1",
					"$(inherited)",
				);
				GCC_WARN_64_TO_32_BIT_CONVERSION = YES;
				GCC_WARN_ABOUT_RETURN_TYPE = YES_ERROR;
				GCC_WARN_UNDECLARED_SELECTOR = YES;
				GCC_WARN_UNINITIALIZED_AUTOS = YES_AGGRESSIVE;
				GCC_WARN_UNUSED_FUNCTION = YES;
				GCC_WARN_UNUSED_VARIABLE = YES;
				IPHONEOS_DEPLOYMENT_TARGET = 15.5;
				MTL_ENABLE_DEBUG_INFO = INCLUDE_SOURCE;
				MTL_FAST_MATH = YES;
				ONLY_ACTIVE_ARCH = YES;
				SDKROOT = iphoneos;
				SWIFT_ACTIVE_COMPILATION_CONDITIONS = DEBUG;
				SWIFT_OPTIMIZATION_LEVEL = "-Onone";
			};
			name = Debug;
		};
		FFF6C75828A4F12F0022C3FD /* Release */ = {
			isa = XCBuildConfiguration;
			buildSettings = {
				ALWAYS_SEARCH_USER_PATHS = NO;
				CLANG_ANALYZER_NONNULL = YES;
				CLANG_ANALYZER_NUMBER_OBJECT_CONVERSION = YES_AGGRESSIVE;
				CLANG_CXX_LANGUAGE_STANDARD = "gnu++17";
				CLANG_ENABLE_MODULES = YES;
				CLANG_ENABLE_OBJC_ARC = YES;
				CLANG_ENABLE_OBJC_WEAK = YES;
				CLANG_WARN_BLOCK_CAPTURE_AUTORELEASING = YES;
				CLANG_WARN_BOOL_CONVERSION = YES;
				CLANG_WARN_COMMA = YES;
				CLANG_WARN_CONSTANT_CONVERSION = YES;
				CLANG_WARN_DEPRECATED_OBJC_IMPLEMENTATIONS = YES;
				CLANG_WARN_DIRECT_OBJC_ISA_USAGE = YES_ERROR;
				CLANG_WARN_DOCUMENTATION_COMMENTS = YES;
				CLANG_WARN_EMPTY_BODY = YES;
				CLANG_WARN_ENUM_CONVERSION = YES;
				CLANG_WARN_INFINITE_RECURSION = YES;
				CLANG_WARN_INT_CONVERSION = YES;
				CLANG_WARN_NON_LITERAL_NULL_CONVERSION = YES;
				CLANG_WARN_OBJC_IMPLICIT_RETAIN_SELF = YES;
				CLANG_WARN_OBJC_LITERAL_CONVERSION = YES;
				CLANG_WARN_OBJC_ROOT_CLASS = YES_ERROR;
				CLANG_WARN_QUOTED_INCLUDE_IN_FRAMEWORK_HEADER = YES;
				CLANG_WARN_RANGE_LOOP_ANALYSIS = YES;
				CLANG_WARN_STRICT_PROTOTYPES = YES;
				CLANG_WARN_SUSPICIOUS_MOVE = YES;
				CLANG_WARN_UNGUARDED_AVAILABILITY = YES_AGGRESSIVE;
				CLANG_WARN_UNREACHABLE_CODE = YES;
				CLANG_WARN__DUPLICATE_METHOD_MATCH = YES;
				COPY_PHASE_STRIP = NO;
				DEBUG_INFORMATION_FORMAT = "dwarf-with-dsym";
				ENABLE_NS_ASSERTIONS = NO;
				ENABLE_STRICT_OBJC_MSGSEND = YES;
				GCC_C_LANGUAGE_STANDARD = gnu11;
				GCC_NO_COMMON_BLOCKS = YES;
				GCC_WARN_64_TO_32_BIT_CONVERSION = YES;
				GCC_WARN_ABOUT_RETURN_TYPE = YES_ERROR;
				GCC_WARN_UNDECLARED_SELECTOR = YES;
				GCC_WARN_UNINITIALIZED_AUTOS = YES_AGGRESSIVE;
				GCC_WARN_UNUSED_FUNCTION = YES;
				GCC_WARN_UNUSED_VARIABLE = YES;
				IPHONEOS_DEPLOYMENT_TARGET = 15.5;
				MTL_ENABLE_DEBUG_INFO = NO;
				MTL_FAST_MATH = YES;
				SDKROOT = iphoneos;
				SWIFT_COMPILATION_MODE = wholemodule;
				SWIFT_OPTIMIZATION_LEVEL = "-O";
				VALIDATE_PRODUCT = YES;
			};
			name = Release;
		};
		FFF6C75A28A4F12F0022C3FD /* Debug */ = {
			isa = XCBuildConfiguration;
			buildSettings = {
				ASSETCATALOG_COMPILER_APPICON_NAME = AppIcon;
				ASSETCATALOG_COMPILER_GLOBAL_ACCENT_COLOR_NAME = AccentColor;
				CODE_SIGN_STYLE = Automatic;
				CURRENT_PROJECT_VERSION = 1;
				DEVELOPMENT_ASSET_PATHS = "\"ThinkingInSwiftUI/Preview Content\"";
				DEVELOPMENT_TEAM = MCG95QBP8C;
				ENABLE_PREVIEWS = YES;
				GENERATE_INFOPLIST_FILE = YES;
				INFOPLIST_KEY_UIApplicationSceneManifest_Generation = YES;
				INFOPLIST_KEY_UIApplicationSupportsIndirectInputEvents = YES;
				INFOPLIST_KEY_UILaunchScreen_Generation = YES;
				INFOPLIST_KEY_UISupportedInterfaceOrientations_iPad = "UIInterfaceOrientationPortrait UIInterfaceOrientationPortraitUpsideDown UIInterfaceOrientationLandscapeLeft UIInterfaceOrientationLandscapeRight";
				INFOPLIST_KEY_UISupportedInterfaceOrientations_iPhone = "UIInterfaceOrientationPortrait UIInterfaceOrientationLandscapeLeft UIInterfaceOrientationLandscapeRight";
				LD_RUNPATH_SEARCH_PATHS = (
					"$(inherited)",
					"@executable_path/Frameworks",
				);
				MARKETING_VERSION = 1.0;
				PRODUCT_BUNDLE_IDENTIFIER = MK.ThinkingInSwiftUI;
				PRODUCT_NAME = "$(TARGET_NAME)";
				SWIFT_EMIT_LOC_STRINGS = YES;
				SWIFT_VERSION = 5.0;
				TARGETED_DEVICE_FAMILY = "1,2";
			};
			name = Debug;
		};
		FFF6C75B28A4F12F0022C3FD /* Release */ = {
			isa = XCBuildConfiguration;
			buildSettings = {
				ASSETCATALOG_COMPILER_APPICON_NAME = AppIcon;
				ASSETCATALOG_COMPILER_GLOBAL_ACCENT_COLOR_NAME = AccentColor;
				CODE_SIGN_STYLE = Automatic;
				CURRENT_PROJECT_VERSION = 1;
				DEVELOPMENT_ASSET_PATHS = "\"ThinkingInSwiftUI/Preview Content\"";
				DEVELOPMENT_TEAM = MCG95QBP8C;
				ENABLE_PREVIEWS = YES;
				GENERATE_INFOPLIST_FILE = YES;
				INFOPLIST_KEY_UIApplicationSceneManifest_Generation = YES;
				INFOPLIST_KEY_UIApplicationSupportsIndirectInputEvents = YES;
				INFOPLIST_KEY_UILaunchScreen_Generation = YES;
				INFOPLIST_KEY_UISupportedInterfaceOrientations_iPad = "UIInterfaceOrientationPortrait UIInterfaceOrientationPortraitUpsideDown UIInterfaceOrientationLandscapeLeft UIInterfaceOrientationLandscapeRight";
				INFOPLIST_KEY_UISupportedInterfaceOrientations_iPhone = "UIInterfaceOrientationPortrait UIInterfaceOrientationLandscapeLeft UIInterfaceOrientationLandscapeRight";
				LD_RUNPATH_SEARCH_PATHS = (
					"$(inherited)",
					"@executable_path/Frameworks",
				);
				MARKETING_VERSION = 1.0;
				PRODUCT_BUNDLE_IDENTIFIER = MK.ThinkingInSwiftUI;
				PRODUCT_NAME = "$(TARGET_NAME)";
				SWIFT_EMIT_LOC_STRINGS = YES;
				SWIFT_VERSION = 5.0;
				TARGETED_DEVICE_FAMILY = "1,2";
			};
			name = Release;
		};
/* End XCBuildConfiguration section */

/* Begin XCConfigurationList section */
		FFF6C74628A4F12B0022C3FD /* Build configuration list for PBXProject "ThinkingInSwiftUI" */ = {
			isa = XCConfigurationList;
			buildConfigurations = (
				FFF6C75728A4F12F0022C3FD /* Debug */,
				FFF6C75828A4F12F0022C3FD /* Release */,
			);
			defaultConfigurationIsVisible = 0;
			defaultConfigurationName = Release;
		};
		FFF6C75928A4F12F0022C3FD /* Build configuration list for PBXNativeTarget "ThinkingInSwiftUI" */ = {
			isa = XCConfigurationList;
			buildConfigurations = (
				FFF6C75A28A4F12F0022C3FD /* Debug */,
				FFF6C75B28A4F12F0022C3FD /* Release */,
			);
			defaultConfigurationIsVisible = 0;
			defaultConfigurationName = Release;
		};
/* End XCConfigurationList section */
	};
	rootObject = FFF6C74328A4F12B0022C3FD /* Project object */;
}
